// !$*UTF8*$!
{
	archiveVersion = 1;
	classes = {
	};
	objectVersion = 46;
	objects = {

/* Begin PBXBuildFile section */
		4FA974781948EB930031167C /* Foundation.framework in Frameworks */ = {isa = PBXBuildFile; fileRef = 4FA974771948EB930031167C /* Foundation.framework */; };
		4FA9747A1948EB930031167C /* CoreGraphics.framework in Frameworks */ = {isa = PBXBuildFile; fileRef = 4FA974791948EB930031167C /* CoreGraphics.framework */; };
		4FA9747C1948EB930031167C /* UIKit.framework in Frameworks */ = {isa = PBXBuildFile; fileRef = 4FA9747B1948EB930031167C /* UIKit.framework */; };
		4FA974821948EB930031167C /* InfoPlist.strings in Resources */ = {isa = PBXBuildFile; fileRef = 4FA974801948EB930031167C /* InfoPlist.strings */; };
		4FA974841948EB930031167C /* main.m in Sources */ = {isa = PBXBuildFile; fileRef = 4FA974831948EB930031167C /* main.m */; };
		4FA974881948EB930031167C /* ATCAppDelegate.m in Sources */ = {isa = PBXBuildFile; fileRef = 4FA974871948EB930031167C /* ATCAppDelegate.m */; };
		4FA9748B1948EB930031167C /* Main.storyboard in Resources */ = {isa = PBXBuildFile; fileRef = 4FA974891948EB930031167C /* Main.storyboard */; };
		4FA9748E1948EB930031167C /* ATCViewController.m in Sources */ = {isa = PBXBuildFile; fileRef = 4FA9748D1948EB930031167C /* ATCViewController.m */; };
		4FA974901948EB930031167C /* Images.xcassets in Resources */ = {isa = PBXBuildFile; fileRef = 4FA9748F1948EB930031167C /* Images.xcassets */; };
		4FA974971948EB930031167C /* XCTest.framework in Frameworks */ = {isa = PBXBuildFile; fileRef = 4FA974961948EB930031167C /* XCTest.framework */; };
		4FA974981948EB930031167C /* Foundation.framework in Frameworks */ = {isa = PBXBuildFile; fileRef = 4FA974771948EB930031167C /* Foundation.framework */; };
		4FA974991948EB930031167C /* UIKit.framework in Frameworks */ = {isa = PBXBuildFile; fileRef = 4FA9747B1948EB930031167C /* UIKit.framework */; };
		4FA974A11948EB930031167C /* InfoPlist.strings in Resources */ = {isa = PBXBuildFile; fileRef = 4FA9749F1948EB930031167C /* InfoPlist.strings */; };
		4FA974A31948EB930031167C /* ATCTrainingStationsTests.m in Sources */ = {isa = PBXBuildFile; fileRef = 4FA974A21948EB930031167C /* ATCTrainingStationsTests.m */; };
		4FCF498D1958CC10007ADBB3 /* ATCImmediateContentDetailsViewController.m in Sources */ = {isa = PBXBuildFile; fileRef = 4FCF498C1958CC10007ADBB3 /* ATCImmediateContentDetailsViewController.m */; };
		4FCF498E1958CC10007ADBB3 /* ATCImmediateContentDetailsViewController.m in Sources */ = {isa = PBXBuildFile; fileRef = 4FCF498C1958CC10007ADBB3 /* ATCImmediateContentDetailsViewController.m */; };
		4FCF49911958CC5A007ADBB3 /* ATCNearbyDetailsViewController.m in Sources */ = {isa = PBXBuildFile; fileRef = 4FCF49901958CC5A007ADBB3 /* ATCNearbyDetailsViewController.m */; };
		4FCF49921958CC5A007ADBB3 /* ATCNearbyDetailsViewController.m in Sources */ = {isa = PBXBuildFile; fileRef = 4FCF49901958CC5A007ADBB3 /* ATCNearbyDetailsViewController.m */; };
		4FCF49951958CEB4007ADBB3 /* ATCFarContentDetailsViewController.m in Sources */ = {isa = PBXBuildFile; fileRef = 4FCF49941958CEB4007ADBB3 /* ATCFarContentDetailsViewController.m */; };
		4FCF49961958CEB4007ADBB3 /* ATCFarContentDetailsViewController.m in Sources */ = {isa = PBXBuildFile; fileRef = 4FCF49941958CEB4007ADBB3 /* ATCFarContentDetailsViewController.m */; };
		4FCF499A1958D5CC007ADBB3 /* ReusableDataSource.m in Sources */ = {isa = PBXBuildFile; fileRef = 4FCF49991958D5CC007ADBB3 /* ReusableDataSource.m */; };
		4FCF499B1958D5CC007ADBB3 /* ReusableDataSource.m in Sources */ = {isa = PBXBuildFile; fileRef = 4FCF49991958D5CC007ADBB3 /* ReusableDataSource.m */; };
		4FCF499F1958D9B5007ADBB3 /* ATCNearbyStationTableViewCell.m in Sources */ = {isa = PBXBuildFile; fileRef = 4FCF499E1958D9B5007ADBB3 /* ATCNearbyStationTableViewCell.m */; };
		4FCF49A01958D9B5007ADBB3 /* ATCNearbyStationTableViewCell.m in Sources */ = {isa = PBXBuildFile; fileRef = 4FCF499E1958D9B5007ADBB3 /* ATCNearbyStationTableViewCell.m */; };
		4FCF49A81959D3E2007ADBB3 /* ToConsider in Resources */ = {isa = PBXBuildFile; fileRef = 4FCF49A71959D3E2007ADBB3 /* ToConsider */; };
		4FCF49A91959D3E2007ADBB3 /* ToConsider in Resources */ = {isa = PBXBuildFile; fileRef = 4FCF49A71959D3E2007ADBB3 /* ToConsider */; };
		4FCF49AC1959D7F8007ADBB3 /* ATCBeacon.m in Sources */ = {isa = PBXBuildFile; fileRef = 4FCF49AB1959D7F8007ADBB3 /* ATCBeacon.m */; };
		4FCF49AD1959D7F8007ADBB3 /* ATCBeacon.m in Sources */ = {isa = PBXBuildFile; fileRef = 4FCF49AB1959D7F8007ADBB3 /* ATCBeacon.m */; };
		4FCF49B01959D9DD007ADBB3 /* ATCContentContainerViewController.m in Sources */ = {isa = PBXBuildFile; fileRef = 4FCF49AF1959D9DD007ADBB3 /* ATCContentContainerViewController.m */; };
		4FCF49B11959D9DD007ADBB3 /* ATCContentContainerViewController.m in Sources */ = {isa = PBXBuildFile; fileRef = 4FCF49AF1959D9DD007ADBB3 /* ATCContentContainerViewController.m */; };
		4FFC0C3C1953694300F75345 /* ATCBlueBackgroundView.m in Sources */ = {isa = PBXBuildFile; fileRef = 4FFC0C3B1953694300F75345 /* ATCBlueBackgroundView.m */; };
		4FFC0C4119536EC900F75345 /* ATCBeaconNetworkUtilities.m in Sources */ = {isa = PBXBuildFile; fileRef = 4FFC0C4019536EC900F75345 /* ATCBeaconNetworkUtilities.m */; };
		4FFC0C4419547DA100F75345 /* JMCBeaconManager.m in Sources */ = {isa = PBXBuildFile; fileRef = 4FFC0C4319547DA100F75345 /* JMCBeaconManager.m */; };
		4FFC0C481954808900F75345 /* ATCApplicationState.m in Sources */ = {isa = PBXBuildFile; fileRef = 4FFC0C471954808900F75345 /* ATCApplicationState.m */; };
		4FFC0C4B195480D100F75345 /* ATCMission.m in Sources */ = {isa = PBXBuildFile; fileRef = 4FFC0C4A195480D100F75345 /* ATCMission.m */; };
		4FFC0C4F1954826500F75345 /* ATCStation.m in Sources */ = {isa = PBXBuildFile; fileRef = 4FFC0C4E1954826500F75345 /* ATCStation.m */; };
		4FFC0C521954843C00F75345 /* ATCContent.m in Sources */ = {isa = PBXBuildFile; fileRef = 4FFC0C511954843C00F75345 /* ATCContent.m */; };
/* End PBXBuildFile section */

/* Begin PBXContainerItemProxy section */
		4FA9749A1948EB930031167C /* PBXContainerItemProxy */ = {
			isa = PBXContainerItemProxy;
			containerPortal = 4FA9746C1948EB930031167C /* Project object */;
			proxyType = 1;
			remoteGlobalIDString = 4FA974731948EB930031167C;
			remoteInfo = ATCTrainingStations;
		};
/* End PBXContainerItemProxy section */

/* Begin PBXFileReference section */
		4FA974741948EB930031167C /* ATCTrainingStations.app */ = {isa = PBXFileReference; explicitFileType = wrapper.application; includeInIndex = 0; path = ATCTrainingStations.app; sourceTree = BUILT_PRODUCTS_DIR; };
		4FA974771948EB930031167C /* Foundation.framework */ = {isa = PBXFileReference; lastKnownFileType = wrapper.framework; name = Foundation.framework; path = System/Library/Frameworks/Foundation.framework; sourceTree = SDKROOT; };
		4FA974791948EB930031167C /* CoreGraphics.framework */ = {isa = PBXFileReference; lastKnownFileType = wrapper.framework; name = CoreGraphics.framework; path = System/Library/Frameworks/CoreGraphics.framework; sourceTree = SDKROOT; };
		4FA9747B1948EB930031167C /* UIKit.framework */ = {isa = PBXFileReference; lastKnownFileType = wrapper.framework; name = UIKit.framework; path = System/Library/Frameworks/UIKit.framework; sourceTree = SDKROOT; };
		4FA9747F1948EB930031167C /* ATCTrainingStations-Info.plist */ = {isa = PBXFileReference; lastKnownFileType = text.plist.xml; path = "ATCTrainingStations-Info.plist"; sourceTree = "<group>"; };
		4FA974811948EB930031167C /* en */ = {isa = PBXFileReference; lastKnownFileType = text.plist.strings; name = en; path = en.lproj/InfoPlist.strings; sourceTree = "<group>"; };
		4FA974831948EB930031167C /* main.m */ = {isa = PBXFileReference; lastKnownFileType = sourcecode.c.objc; path = main.m; sourceTree = "<group>"; };
		4FA974851948EB930031167C /* ATCTrainingStations-Prefix.pch */ = {isa = PBXFileReference; lastKnownFileType = sourcecode.c.h; path = "ATCTrainingStations-Prefix.pch"; sourceTree = "<group>"; };
		4FA974861948EB930031167C /* ATCAppDelegate.h */ = {isa = PBXFileReference; lastKnownFileType = sourcecode.c.h; path = ATCAppDelegate.h; sourceTree = "<group>"; };
		4FA974871948EB930031167C /* ATCAppDelegate.m */ = {isa = PBXFileReference; lastKnownFileType = sourcecode.c.objc; path = ATCAppDelegate.m; sourceTree = "<group>"; };
		4FA9748A1948EB930031167C /* Base */ = {isa = PBXFileReference; lastKnownFileType = file.storyboard; name = Base; path = Base.lproj/Main.storyboard; sourceTree = "<group>"; };
		4FA9748C1948EB930031167C /* ATCViewController.h */ = {isa = PBXFileReference; lastKnownFileType = sourcecode.c.h; path = ATCViewController.h; sourceTree = "<group>"; };
		4FA9748D1948EB930031167C /* ATCViewController.m */ = {isa = PBXFileReference; lastKnownFileType = sourcecode.c.objc; path = ATCViewController.m; sourceTree = "<group>"; };
		4FA9748F1948EB930031167C /* Images.xcassets */ = {isa = PBXFileReference; lastKnownFileType = folder.assetcatalog; path = Images.xcassets; sourceTree = "<group>"; };
		4FA974951948EB930031167C /* ATCTrainingStationsTests.xctest */ = {isa = PBXFileReference; explicitFileType = wrapper.cfbundle; includeInIndex = 0; path = ATCTrainingStationsTests.xctest; sourceTree = BUILT_PRODUCTS_DIR; };
		4FA974961948EB930031167C /* XCTest.framework */ = {isa = PBXFileReference; lastKnownFileType = wrapper.framework; name = XCTest.framework; path = Library/Frameworks/XCTest.framework; sourceTree = DEVELOPER_DIR; };
		4FA9749E1948EB930031167C /* ATCTrainingStationsTests-Info.plist */ = {isa = PBXFileReference; lastKnownFileType = text.plist.xml; path = "ATCTrainingStationsTests-Info.plist"; sourceTree = "<group>"; };
		4FA974A01948EB930031167C /* en */ = {isa = PBXFileReference; lastKnownFileType = text.plist.strings; name = en; path = en.lproj/InfoPlist.strings; sourceTree = "<group>"; };
		4FA974A21948EB930031167C /* ATCTrainingStationsTests.m */ = {isa = PBXFileReference; lastKnownFileType = sourcecode.c.objc; path = ATCTrainingStationsTests.m; sourceTree = "<group>"; };
		4FCF498B1958CC10007ADBB3 /* ATCImmediateContentDetailsViewController.h */ = {isa = PBXFileReference; fileEncoding = 4; lastKnownFileType = sourcecode.c.h; name = ATCImmediateContentDetailsViewController.h; path = ViewControllers/ATCImmediateContentDetailsViewController.h; sourceTree = "<group>"; };
		4FCF498C1958CC10007ADBB3 /* ATCImmediateContentDetailsViewController.m */ = {isa = PBXFileReference; fileEncoding = 4; lastKnownFileType = sourcecode.c.objc; name = ATCImmediateContentDetailsViewController.m; path = ViewControllers/ATCImmediateContentDetailsViewController.m; sourceTree = "<group>"; };
		4FCF498F1958CC5A007ADBB3 /* ATCNearbyDetailsViewController.h */ = {isa = PBXFileReference; fileEncoding = 4; lastKnownFileType = sourcecode.c.h; name = ATCNearbyDetailsViewController.h; path = ViewControllers/ATCNearbyDetailsViewController.h; sourceTree = "<group>"; };
		4FCF49901958CC5A007ADBB3 /* ATCNearbyDetailsViewController.m */ = {isa = PBXFileReference; fileEncoding = 4; lastKnownFileType = sourcecode.c.objc; name = ATCNearbyDetailsViewController.m; path = ViewControllers/ATCNearbyDetailsViewController.m; sourceTree = "<group>"; };
		4FCF49931958CEB4007ADBB3 /* ATCFarContentDetailsViewController.h */ = {isa = PBXFileReference; fileEncoding = 4; lastKnownFileType = sourcecode.c.h; path = ATCFarContentDetailsViewController.h; sourceTree = "<group>"; };
		4FCF49941958CEB4007ADBB3 /* ATCFarContentDetailsViewController.m */ = {isa = PBXFileReference; fileEncoding = 4; lastKnownFileType = sourcecode.c.objc; path = ATCFarContentDetailsViewController.m; sourceTree = "<group>"; };
		4FCF49981958D5CC007ADBB3 /* ReusableDataSource.h */ = {isa = PBXFileReference; fileEncoding = 4; lastKnownFileType = sourcecode.c.h; path = ReusableDataSource.h; sourceTree = "<group>"; };
		4FCF49991958D5CC007ADBB3 /* ReusableDataSource.m */ = {isa = PBXFileReference; fileEncoding = 4; lastKnownFileType = sourcecode.c.objc; path = ReusableDataSource.m; sourceTree = "<group>"; };
		4FCF499D1958D9B5007ADBB3 /* ATCNearbyStationTableViewCell.h */ = {isa = PBXFileReference; fileEncoding = 4; lastKnownFileType = sourcecode.c.h; name = ATCNearbyStationTableViewCell.h; path = Views/ATCNearbyStationTableViewCell.h; sourceTree = "<group>"; };
		4FCF499E1958D9B5007ADBB3 /* ATCNearbyStationTableViewCell.m */ = {isa = PBXFileReference; fileEncoding = 4; lastKnownFileType = sourcecode.c.objc; name = ATCNearbyStationTableViewCell.m; path = Views/ATCNearbyStationTableViewCell.m; sourceTree = "<group>"; };
		4FCF49A71959D3E2007ADBB3 /* ToConsider */ = {isa = PBXFileReference; fileEncoding = 4; lastKnownFileType = text; path = ToConsider; sourceTree = "<group>"; };
		4FCF49AA1959D7F8007ADBB3 /* ATCBeacon.h */ = {isa = PBXFileReference; fileEncoding = 4; lastKnownFileType = sourcecode.c.h; name = ATCBeacon.h; path = Models/ATCBeacon.h; sourceTree = "<group>"; };
		4FCF49AB1959D7F8007ADBB3 /* ATCBeacon.m */ = {isa = PBXFileReference; fileEncoding = 4; lastKnownFileType = sourcecode.c.objc; name = ATCBeacon.m; path = Models/ATCBeacon.m; sourceTree = "<group>"; };
		4FCF49AE1959D9DD007ADBB3 /* ATCContentContainerViewController.h */ = {isa = PBXFileReference; fileEncoding = 4; lastKnownFileType = sourcecode.c.h; name = ATCContentContainerViewController.h; path = ViewControllers/ATCContentContainerViewController.h; sourceTree = "<group>"; };
		4FCF49AF1959D9DD007ADBB3 /* ATCContentContainerViewController.m */ = {isa = PBXFileReference; fileEncoding = 4; lastKnownFileType = sourcecode.c.objc; name = ATCContentContainerViewController.m; path = ViewControllers/ATCContentContainerViewController.m; sourceTree = "<group>"; };
		4FFC0C3A1953694300F75345 /* ATCBlueBackgroundView.h */ = {isa = PBXFileReference; fileEncoding = 4; lastKnownFileType = sourcecode.c.h; path = ATCBlueBackgroundView.h; sourceTree = "<group>"; };
		4FFC0C3B1953694300F75345 /* ATCBlueBackgroundView.m */ = {isa = PBXFileReference; fileEncoding = 4; lastKnownFileType = sourcecode.c.objc; path = ATCBlueBackgroundView.m; sourceTree = "<group>"; };
		4FFC0C3F19536EC900F75345 /* ATCBeaconNetworkUtilities.h */ = {isa = PBXFileReference; fileEncoding = 4; lastKnownFileType = sourcecode.c.h; path = ATCBeaconNetworkUtilities.h; sourceTree = "<group>"; };
		4FFC0C4019536EC900F75345 /* ATCBeaconNetworkUtilities.m */ = {isa = PBXFileReference; fileEncoding = 4; lastKnownFileType = sourcecode.c.objc; path = ATCBeaconNetworkUtilities.m; sourceTree = "<group>"; };
		4FFC0C4219547DA100F75345 /* JMCBeaconManager.h */ = {isa = PBXFileReference; fileEncoding = 4; lastKnownFileType = sourcecode.c.h; path = JMCBeaconManager.h; sourceTree = "<group>"; };
		4FFC0C4319547DA100F75345 /* JMCBeaconManager.m */ = {isa = PBXFileReference; fileEncoding = 4; lastKnownFileType = sourcecode.c.objc; path = JMCBeaconManager.m; sourceTree = "<group>"; };
		4FFC0C461954808900F75345 /* ATCApplicationState.h */ = {isa = PBXFileReference; fileEncoding = 4; lastKnownFileType = sourcecode.c.h; path = ATCApplicationState.h; sourceTree = "<group>"; };
		4FFC0C471954808900F75345 /* ATCApplicationState.m */ = {isa = PBXFileReference; fileEncoding = 4; lastKnownFileType = sourcecode.c.objc; path = ATCApplicationState.m; sourceTree = "<group>"; };
		4FFC0C49195480D100F75345 /* ATCMission.h */ = {isa = PBXFileReference; fileEncoding = 4; lastKnownFileType = sourcecode.c.h; name = ATCMission.h; path = Models/ATCMission.h; sourceTree = "<group>"; };
		4FFC0C4A195480D100F75345 /* ATCMission.m */ = {isa = PBXFileReference; fileEncoding = 4; lastKnownFileType = sourcecode.c.objc; name = ATCMission.m; path = Models/ATCMission.m; sourceTree = "<group>"; };
		4FFC0C4D1954826500F75345 /* ATCStation.h */ = {isa = PBXFileReference; fileEncoding = 4; lastKnownFileType = sourcecode.c.h; name = ATCStation.h; path = Models/ATCStation.h; sourceTree = "<group>"; };
		4FFC0C4E1954826500F75345 /* ATCStation.m */ = {isa = PBXFileReference; fileEncoding = 4; lastKnownFileType = sourcecode.c.objc; name = ATCStation.m; path = Models/ATCStation.m; sourceTree = "<group>"; };
		4FFC0C501954843B00F75345 /* ATCContent.h */ = {isa = PBXFileReference; fileEncoding = 4; lastKnownFileType = sourcecode.c.h; name = ATCContent.h; path = Models/ATCContent.h; sourceTree = "<group>"; };
		4FFC0C511954843C00F75345 /* ATCContent.m */ = {isa = PBXFileReference; fileEncoding = 4; lastKnownFileType = sourcecode.c.objc; name = ATCContent.m; path = Models/ATCContent.m; sourceTree = "<group>"; };
/* End PBXFileReference section */

/* Begin PBXFrameworksBuildPhase section */
		4FA974711948EB930031167C /* Frameworks */ = {
			isa = PBXFrameworksBuildPhase;
			buildActionMask = 2147483647;
			files = (
				4FA9747A1948EB930031167C /* CoreGraphics.framework in Frameworks */,
				4FA9747C1948EB930031167C /* UIKit.framework in Frameworks */,
				4FA974781948EB930031167C /* Foundation.framework in Frameworks */,
			);
			runOnlyForDeploymentPostprocessing = 0;
		};
		4FA974921948EB930031167C /* Frameworks */ = {
			isa = PBXFrameworksBuildPhase;
			buildActionMask = 2147483647;
			files = (
				4FA974971948EB930031167C /* XCTest.framework in Frameworks */,
				4FA974991948EB930031167C /* UIKit.framework in Frameworks */,
				4FA974981948EB930031167C /* Foundation.framework in Frameworks */,
			);
			runOnlyForDeploymentPostprocessing = 0;
		};
/* End PBXFrameworksBuildPhase section */

/* Begin PBXGroup section */
		4FA9746B1948EB930031167C = {
			isa = PBXGroup;
			children = (
				4FCF49A71959D3E2007ADBB3 /* ToConsider */,
				4FA9747D1948EB930031167C /* ATCTrainingStations */,
				4FA9749C1948EB930031167C /* ATCTrainingStationsTests */,
				4FA974761948EB930031167C /* Frameworks */,
				4FA974751948EB930031167C /* Products */,
			);
			sourceTree = "<group>";
		};
		4FA974751948EB930031167C /* Products */ = {
			isa = PBXGroup;
			children = (
				4FA974741948EB930031167C /* ATCTrainingStations.app */,
				4FA974951948EB930031167C /* ATCTrainingStationsTests.xctest */,
			);
			name = Products;
			sourceTree = "<group>";
		};
		4FA974761948EB930031167C /* Frameworks */ = {
			isa = PBXGroup;
			children = (
				4FA974771948EB930031167C /* Foundation.framework */,
				4FA974791948EB930031167C /* CoreGraphics.framework */,
				4FA9747B1948EB930031167C /* UIKit.framework */,
				4FA974961948EB930031167C /* XCTest.framework */,
			);
			name = Frameworks;
			sourceTree = "<group>";
		};
		4FA9747D1948EB930031167C /* ATCTrainingStations */ = {
			isa = PBXGroup;
			children = (
				4FCF499C1958D98D007ADBB3 /* Cells */,
				4FCF49971958D5C2007ADBB3 /* Utilities */,
				4FA974861948EB930031167C /* ATCAppDelegate.h */,
				4FA974871948EB930031167C /* ATCAppDelegate.m */,
				4FFC0C3A1953694300F75345 /* ATCBlueBackgroundView.h */,
				4FFC0C3B1953694300F75345 /* ATCBlueBackgroundView.m */,
				4FFC0C4C195480D600F75345 /* Models */,
				4FA974891948EB930031167C /* Main.storyboard */,
				4FFC0C4519547F3500F75345 /* Managers */,
				4FCF498A1958CBEA007ADBB3 /* View Controllers */,
				4FA9748F1948EB930031167C /* Images.xcassets */,
				4FA9747E1948EB930031167C /* Supporting Files */,
			);
			path = ATCTrainingStations;
			sourceTree = "<group>";
		};
		4FA9747E1948EB930031167C /* Supporting Files */ = {
			isa = PBXGroup;
			children = (
				4FA9747F1948EB930031167C /* ATCTrainingStations-Info.plist */,
				4FA974801948EB930031167C /* InfoPlist.strings */,
				4FA974831948EB930031167C /* main.m */,
				4FA974851948EB930031167C /* ATCTrainingStations-Prefix.pch */,
			);
			name = "Supporting Files";
			sourceTree = "<group>";
		};
		4FA9749C1948EB930031167C /* ATCTrainingStationsTests */ = {
			isa = PBXGroup;
			children = (
				4FA974A21948EB930031167C /* ATCTrainingStationsTests.m */,
				4FA9749D1948EB930031167C /* Supporting Files */,
			);
			path = ATCTrainingStationsTests;
			sourceTree = "<group>";
		};
		4FA9749D1948EB930031167C /* Supporting Files */ = {
			isa = PBXGroup;
			children = (
				4FA9749E1948EB930031167C /* ATCTrainingStationsTests-Info.plist */,
				4FA9749F1948EB930031167C /* InfoPlist.strings */,
			);
			name = "Supporting Files";
			sourceTree = "<group>";
		};
		4FCF498A1958CBEA007ADBB3 /* View Controllers */ = {
			isa = PBXGroup;
			children = (
				4FA9748C1948EB930031167C /* ATCViewController.h */,
				4FA9748D1948EB930031167C /* ATCViewController.m */,
				4FCF498B1958CC10007ADBB3 /* ATCImmediateContentDetailsViewController.h */,
				4FCF498C1958CC10007ADBB3 /* ATCImmediateContentDetailsViewController.m */,
				4FCF49931958CEB4007ADBB3 /* ATCFarContentDetailsViewController.h */,
				4FCF49941958CEB4007ADBB3 /* ATCFarContentDetailsViewController.m */,
				4FCF498F1958CC5A007ADBB3 /* ATCNearbyDetailsViewController.h */,
				4FCF49901958CC5A007ADBB3 /* ATCNearbyDetailsViewController.m */,
				4FCF49AE1959D9DD007ADBB3 /* ATCContentContainerViewController.h */,
				4FCF49AF1959D9DD007ADBB3 /* ATCContentContainerViewController.m */,
			);
			name = "View Controllers";
			sourceTree = "<group>";
		};
		4FCF49971958D5C2007ADBB3 /* Utilities */ = {
			isa = PBXGroup;
			children = (
				4FCF49981958D5CC007ADBB3 /* ReusableDataSource.h */,
				4FCF49991958D5CC007ADBB3 /* ReusableDataSource.m */,
			);
			name = Utilities;
			sourceTree = "<group>";
		};
		4FCF499C1958D98D007ADBB3 /* Cells */ = {
			isa = PBXGroup;
			children = (
				4FCF499D1958D9B5007ADBB3 /* ATCNearbyStationTableViewCell.h */,
				4FCF499E1958D9B5007ADBB3 /* ATCNearbyStationTableViewCell.m */,
			);
			name = Cells;
			sourceTree = "<group>";
		};
		4FFC0C4519547F3500F75345 /* Managers */ = {
			isa = PBXGroup;
			children = (
				4FFC0C461954808900F75345 /* ATCApplicationState.h */,
				4FFC0C471954808900F75345 /* ATCApplicationState.m */,
				4FFC0C3F19536EC900F75345 /* ATCBeaconNetworkUtilities.h */,
				4FFC0C4019536EC900F75345 /* ATCBeaconNetworkUtilities.m */,
				4FFC0C4219547DA100F75345 /* JMCBeaconManager.h */,
				4FFC0C4319547DA100F75345 /* JMCBeaconManager.m */,
			);
			name = Managers;
			sourceTree = "<group>";
		};
		4FFC0C4C195480D600F75345 /* Models */ = {
			isa = PBXGroup;
			children = (
				4FFC0C49195480D100F75345 /* ATCMission.h */,
				4FFC0C4A195480D100F75345 /* ATCMission.m */,
				4FFC0C4D1954826500F75345 /* ATCStation.h */,
				4FFC0C4E1954826500F75345 /* ATCStation.m */,
				4FFC0C501954843B00F75345 /* ATCContent.h */,
				4FFC0C511954843C00F75345 /* ATCContent.m */,
				4FCF49AA1959D7F8007ADBB3 /* ATCBeacon.h */,
				4FCF49AB1959D7F8007ADBB3 /* ATCBeacon.m */,
			);
			name = Models;
			sourceTree = "<group>";
		};
/* End PBXGroup section */

/* Begin PBXNativeTarget section */
		4FA974731948EB930031167C /* ATCTrainingStations */ = {
			isa = PBXNativeTarget;
			buildConfigurationList = 4FA974A61948EB930031167C /* Build configuration list for PBXNativeTarget "ATCTrainingStations" */;
			buildPhases = (
				4FA974701948EB930031167C /* Sources */,
				4FA974711948EB930031167C /* Frameworks */,
				4FA974721948EB930031167C /* Resources */,
			);
			buildRules = (
			);
			dependencies = (
			);
			name = ATCTrainingStations;
			productName = ATCTrainingStations;
			productReference = 4FA974741948EB930031167C /* ATCTrainingStations.app */;
			productType = "com.apple.product-type.application";
		};
		4FA974941948EB930031167C /* ATCTrainingStationsTests */ = {
			isa = PBXNativeTarget;
			buildConfigurationList = 4FA974A91948EB930031167C /* Build configuration list for PBXNativeTarget "ATCTrainingStationsTests" */;
			buildPhases = (
				4FA974911948EB930031167C /* Sources */,
				4FA974921948EB930031167C /* Frameworks */,
				4FA974931948EB930031167C /* Resources */,
			);
			buildRules = (
			);
			dependencies = (
				4FA9749B1948EB930031167C /* PBXTargetDependency */,
			);
			name = ATCTrainingStationsTests;
			productName = ATCTrainingStationsTests;
			productReference = 4FA974951948EB930031167C /* ATCTrainingStationsTests.xctest */;
			productType = "com.apple.product-type.bundle.unit-test";
		};
/* End PBXNativeTarget section */

/* Begin PBXProject section */
		4FA9746C1948EB930031167C /* Project object */ = {
			isa = PBXProject;
			attributes = {
				CLASSPREFIX = ATC;
				LastUpgradeCheck = 0510;
				ORGANIZATIONNAME = "Janusz Chudzynski";
				TargetAttributes = {
					4FA974941948EB930031167C = {
						TestTargetID = 4FA974731948EB930031167C;
					};
				};
			};
			buildConfigurationList = 4FA9746F1948EB930031167C /* Build configuration list for PBXProject "ATCTrainingStations" */;
			compatibilityVersion = "Xcode 3.2";
			developmentRegion = English;
			hasScannedForEncodings = 0;
			knownRegions = (
				en,
				Base,
			);
			mainGroup = 4FA9746B1948EB930031167C;
			productRefGroup = 4FA974751948EB930031167C /* Products */;
			projectDirPath = "";
			projectRoot = "";
			targets = (
				4FA974731948EB930031167C /* ATCTrainingStations */,
				4FA974941948EB930031167C /* ATCTrainingStationsTests */,
			);
		};
/* End PBXProject section */

/* Begin PBXResourcesBuildPhase section */
		4FA974721948EB930031167C /* Resources */ = {
			isa = PBXResourcesBuildPhase;
			buildActionMask = 2147483647;
			files = (
				4FCF49A81959D3E2007ADBB3 /* ToConsider in Resources */,
				4FA974901948EB930031167C /* Images.xcassets in Resources */,
				4FA974821948EB930031167C /* InfoPlist.strings in Resources */,
				4FA9748B1948EB930031167C /* Main.storyboard in Resources */,
			);
			runOnlyForDeploymentPostprocessing = 0;
		};
		4FA974931948EB930031167C /* Resources */ = {
			isa = PBXResourcesBuildPhase;
			buildActionMask = 2147483647;
			files = (
				4FCF49A91959D3E2007ADBB3 /* ToConsider in Resources */,
				4FA974A11948EB930031167C /* InfoPlist.strings in Resources */,
			);
			runOnlyForDeploymentPostprocessing = 0;
		};
/* End PBXResourcesBuildPhase section */

/* Begin PBXSourcesBuildPhase section */
		4FA974701948EB930031167C /* Sources */ = {
			isa = PBXSourcesBuildPhase;
			buildActionMask = 2147483647;
			files = (
				4FFC0C4F1954826500F75345 /* ATCStation.m in Sources */,
				4FCF49B01959D9DD007ADBB3 /* ATCContentContainerViewController.m in Sources */,
				4FFC0C4419547DA100F75345 /* JMCBeaconManager.m in Sources */,
				4FCF49911958CC5A007ADBB3 /* ATCNearbyDetailsViewController.m in Sources */,
				4FFC0C4B195480D100F75345 /* ATCMission.m in Sources */,
				4FCF498D1958CC10007ADBB3 /* ATCImmediateContentDetailsViewController.m in Sources */,
				4FFC0C4119536EC900F75345 /* ATCBeaconNetworkUtilities.m in Sources */,
				4FCF49AC1959D7F8007ADBB3 /* ATCBeacon.m in Sources */,
				4FCF499A1958D5CC007ADBB3 /* ReusableDataSource.m in Sources */,
				4FA974841948EB930031167C /* main.m in Sources */,
				4FFC0C481954808900F75345 /* ATCApplicationState.m in Sources */,
				4FCF499F1958D9B5007ADBB3 /* ATCNearbyStationTableViewCell.m in Sources */,
				4FFC0C521954843C00F75345 /* ATCContent.m in Sources */,
				4FFC0C3C1953694300F75345 /* ATCBlueBackgroundView.m in Sources */,
				4FA9748E1948EB930031167C /* ATCViewController.m in Sources */,
				4FCF49951958CEB4007ADBB3 /* ATCFarContentDetailsViewController.m in Sources */,
				4FA974881948EB930031167C /* ATCAppDelegate.m in Sources */,
			);
			runOnlyForDeploymentPostprocessing = 0;
		};
		4FA974911948EB930031167C /* Sources */ = {
			isa = PBXSourcesBuildPhase;
			buildActionMask = 2147483647;
			files = (
				4FCF49A01958D9B5007ADBB3 /* ATCNearbyStationTableViewCell.m in Sources */,
				4FCF49961958CEB4007ADBB3 /* ATCFarContentDetailsViewController.m in Sources */,
				4FCF498E1958CC10007ADBB3 /* ATCImmediateContentDetailsViewController.m in Sources */,
				4FCF49B11959D9DD007ADBB3 /* ATCContentContainerViewController.m in Sources */,
				4FA974A31948EB930031167C /* ATCTrainingStationsTests.m in Sources */,
				4FCF49921958CC5A007ADBB3 /* ATCNearbyDetailsViewController.m in Sources */,
				4FCF49AD1959D7F8007ADBB3 /* ATCBeacon.m in Sources */,
				4FCF499B1958D5CC007ADBB3 /* ReusableDataSource.m in Sources */,
			);
			runOnlyForDeploymentPostprocessing = 0;
		};
/* End PBXSourcesBuildPhase section */

/* Begin PBXTargetDependency section */
		4FA9749B1948EB930031167C /* PBXTargetDependency */ = {
			isa = PBXTargetDependency;
			target = 4FA974731948EB930031167C /* ATCTrainingStations */;
			targetProxy = 4FA9749A1948EB930031167C /* PBXContainerItemProxy */;
		};
/* End PBXTargetDependency section */

/* Begin PBXVariantGroup section */
		4FA974801948EB930031167C /* InfoPlist.strings */ = {
			isa = PBXVariantGroup;
			children = (
				4FA974811948EB930031167C /* en */,
			);
			name = InfoPlist.strings;
			sourceTree = "<group>";
		};
		4FA974891948EB930031167C /* Main.storyboard */ = {
			isa = PBXVariantGroup;
			children = (
				4FA9748A1948EB930031167C /* Base */,
			);
			name = Main.storyboard;
			sourceTree = "<group>";
		};
		4FA9749F1948EB930031167C /* InfoPlist.strings */ = {
			isa = PBXVariantGroup;
			children = (
				4FA974A01948EB930031167C /* en */,
			);
			name = InfoPlist.strings;
			sourceTree = "<group>";
		};
/* End PBXVariantGroup section */

/* Begin XCBuildConfiguration section */
		4FA974A41948EB930031167C /* Debug */ = {
			isa = XCBuildConfiguration;
			buildSettings = {
				ALWAYS_SEARCH_USER_PATHS = NO;
				CLANG_CXX_LANGUAGE_STANDARD = "gnu++0x";
				CLANG_CXX_LIBRARY = "libc++";
				CLANG_ENABLE_MODULES = YES;
				CLANG_ENABLE_OBJC_ARC = YES;
				CLANG_WARN_BOOL_CONVERSION = YES;
				CLANG_WARN_CONSTANT_CONVERSION = YES;
				CLANG_WARN_DIRECT_OBJC_ISA_USAGE = YES_ERROR;
				CLANG_WARN_EMPTY_BODY = YES;
				CLANG_WARN_ENUM_CONVERSION = YES;
				CLANG_WARN_INT_CONVERSION = YES;
				CLANG_WARN_OBJC_ROOT_CLASS = YES_ERROR;
				CLANG_WARN__DUPLICATE_METHOD_MATCH = YES;
				"CODE_SIGN_IDENTITY[sdk=iphoneos*]" = "iPhone Developer";
				COPY_PHASE_STRIP = NO;
				GCC_C_LANGUAGE_STANDARD = gnu99;
				GCC_DYNAMIC_NO_PIC = NO;
				GCC_OPTIMIZATION_LEVEL = 0;
				GCC_PREPROCESSOR_DEFINITIONS = (
					"DEBUG=1",
					"$(inherited)",
				);
				GCC_SYMBOLS_PRIVATE_EXTERN = NO;
				GCC_WARN_64_TO_32_BIT_CONVERSION = YES;
				GCC_WARN_ABOUT_RETURN_TYPE = YES_ERROR;
				GCC_WARN_UNDECLARED_SELECTOR = YES;
				GCC_WARN_UNINITIALIZED_AUTOS = YES_AGGRESSIVE;
				GCC_WARN_UNUSED_FUNCTION = YES;
				GCC_WARN_UNUSED_VARIABLE = YES;
				IPHONEOS_DEPLOYMENT_TARGET = 7.1;
				ONLY_ACTIVE_ARCH = YES;
				SDKROOT = iphoneos;
			};
			name = Debug;
		};
		4FA974A51948EB930031167C /* Release */ = {
			isa = XCBuildConfiguration;
			buildSettings = {
				ALWAYS_SEARCH_USER_PATHS = NO;
				CLANG_CXX_LANGUAGE_STANDARD = "gnu++0x";
				CLANG_CXX_LIBRARY = "libc++";
				CLANG_ENABLE_MODULES = YES;
				CLANG_ENABLE_OBJC_ARC = YES;
				CLANG_WARN_BOOL_CONVERSION = YES;
				CLANG_WARN_CONSTANT_CONVERSION = YES;
				CLANG_WARN_DIRECT_OBJC_ISA_USAGE = YES_ERROR;
				CLANG_WARN_EMPTY_BODY = YES;
				CLANG_WARN_ENUM_CONVERSION = YES;
				CLANG_WARN_INT_CONVERSION = YES;
				CLANG_WARN_OBJC_ROOT_CLASS = YES_ERROR;
				CLANG_WARN__DUPLICATE_METHOD_MATCH = YES;
				"CODE_SIGN_IDENTITY[sdk=iphoneos*]" = "iPhone Developer";
				COPY_PHASE_STRIP = YES;
				ENABLE_NS_ASSERTIONS = NO;
				GCC_C_LANGUAGE_STANDARD = gnu99;
				GCC_WARN_64_TO_32_BIT_CONVERSION = YES;
				GCC_WARN_ABOUT_RETURN_TYPE = YES_ERROR;
				GCC_WARN_UNDECLARED_SELECTOR = YES;
				GCC_WARN_UNINITIALIZED_AUTOS = YES_AGGRESSIVE;
				GCC_WARN_UNUSED_FUNCTION = YES;
				GCC_WARN_UNUSED_VARIABLE = YES;
				IPHONEOS_DEPLOYMENT_TARGET = 7.1;
				SDKROOT = iphoneos;
				VALIDATE_PRODUCT = YES;
			};
			name = Release;
		};
		4FA974A71948EB930031167C /* Debug */ = {
			isa = XCBuildConfiguration;
			buildSettings = {
				ASSETCATALOG_COMPILER_APPICON_NAME = AppIcon;
				ASSETCATALOG_COMPILER_LAUNCHIMAGE_NAME = LaunchImage;
				GCC_PRECOMPILE_PREFIX_HEADER = YES;
				GCC_PREFIX_HEADER = "ATCTrainingStations/ATCTrainingStations-Prefix.pch";
				INFOPLIST_FILE = "ATCTrainingStations/ATCTrainingStations-Info.plist";
				PRODUCT_NAME = "$(TARGET_NAME)";
				WRAPPER_EXTENSION = app;
			};
			name = Debug;
		};
		4FA974A81948EB930031167C /* Release */ = {
			isa = XCBuildConfiguration;
			buildSettings = {
				ASSETCATALOG_COMPILER_APPICON_NAME = AppIcon;
				ASSETCATALOG_COMPILER_LAUNCHIMAGE_NAME = LaunchImage;
				GCC_PRECOMPILE_PREFIX_HEADER = YES;
				GCC_PREFIX_HEADER = "ATCTrainingStations/ATCTrainingStations-Prefix.pch";
				INFOPLIST_FILE = "ATCTrainingStations/ATCTrainingStations-Info.plist";
				PRODUCT_NAME = "$(TARGET_NAME)";
				WRAPPER_EXTENSION = app;
			};
			name = Release;
		};
		4FA974AA1948EB930031167C /* Debug */ = {
			isa = XCBuildConfiguration;
			buildSettings = {
				BUNDLE_LOADER = "$(BUILT_PRODUCTS_DIR)/ATCTrainingStations.app/ATCTrainingStations";
				FRAMEWORK_SEARCH_PATHS = (
					"$(SDKROOT)/Developer/Library/Frameworks",
					"$(inherited)",
					"$(DEVELOPER_FRAMEWORKS_DIR)",
				);
				GCC_PRECOMPILE_PREFIX_HEADER = YES;
				GCC_PREFIX_HEADER = "ATCTrainingStations/ATCTrainingStations-Prefix.pch";
				GCC_PREPROCESSOR_DEFINITIONS = (
					"DEBUG=1",
					"$(inherited)",
				);
				INFOPLIST_FILE = "ATCTrainingStationsTests/ATCTrainingStationsTests-Info.plist";
				PRODUCT_NAME = "$(TARGET_NAME)";
				TEST_HOST = "$(BUNDLE_LOADER)";
				WRAPPER_EXTENSION = xctest;
			};
			name = Debug;
		};
		4FA974AB1948EB930031167C /* Release */ = {
			isa = XCBuildConfiguration;
			buildSettings = {
				BUNDLE_LOADER = "$(BUILT_PRODUCTS_DIR)/ATCTrainingStations.app/ATCTrainingStations";
				FRAMEWORK_SEARCH_PATHS = (
					"$(SDKROOT)/Developer/Library/Frameworks",
					"$(inherited)",
					"$(DEVELOPER_FRAMEWORKS_DIR)",
				);
				GCC_PRECOMPILE_PREFIX_HEADER = YES;
				GCC_PREFIX_HEADER = "ATCTrainingStations/ATCTrainingStations-Prefix.pch";
				INFOPLIST_FILE = "ATCTrainingStationsTests/ATCTrainingStationsTests-Info.plist";
				PRODUCT_NAME = "$(TARGET_NAME)";
				TEST_HOST = "$(BUNDLE_LOADER)";
				WRAPPER_EXTENSION = xctest;
			};
			name = Release;
		};
/* End XCBuildConfiguration section */

/* Begin XCConfigurationList section */
		4FA9746F1948EB930031167C /* Build configuration list for PBXProject "ATCTrainingStations" */ = {
			isa = XCConfigurationList;
			buildConfigurations = (
				4FA974A41948EB930031167C /* Debug */,
				4FA974A51948EB930031167C /* Release */,
			);
			defaultConfigurationIsVisible = 0;
			defaultConfigurationName = Release;
		};
		4FA974A61948EB930031167C /* Build configuration list for PBXNativeTarget "ATCTrainingStations" */ = {
			isa = XCConfigurationList;
			buildConfigurations = (
				4FA974A71948EB930031167C /* Debug */,
				4FA974A81948EB930031167C /* Release */,
			);
			defaultConfigurationIsVisible = 0;
			defaultConfigurationName = Release;
		};
		4FA974A91948EB930031167C /* Build configuration list for PBXNativeTarget "ATCTrainingStationsTests" */ = {
			isa = XCConfigurationList;
			buildConfigurations = (
				4FA974AA1948EB930031167C /* Debug */,
				4FA974AB1948EB930031167C /* Release */,
			);
			defaultConfigurationIsVisible = 0;
			defaultConfigurationName = Release;
		};
/* End XCConfigurationList section */
	};
	rootObject = 4FA9746C1948EB930031167C /* Project object */;
}
